// !$*UTF8*$!
{
	archiveVersion = 1;
	classes = {
	};
	objectVersion = 50;
	objects = {

/* Begin PBXBuildFile section */
		7E493A1924B68B380078E2EC /* AppDelegate.swift in Sources */ = {isa = PBXBuildFile; fileRef = 7E493A1824B68B380078E2EC /* AppDelegate.swift */; };
		7E493A1B24B68B380078E2EC /* ViewController.swift in Sources */ = {isa = PBXBuildFile; fileRef = 7E493A1A24B68B380078E2EC /* ViewController.swift */; };
		7E493A1E24B68B380078E2EC /* Main.storyboard in Resources */ = {isa = PBXBuildFile; fileRef = 7E493A1C24B68B380078E2EC /* Main.storyboard */; };
		7E493A2124B68B380078E2EC /* testing.xcdatamodeld in Sources */ = {isa = PBXBuildFile; fileRef = 7E493A1F24B68B380078E2EC /* testing.xcdatamodeld */; };
		7E493A2324B68B390078E2EC /* Assets.xcassets in Resources */ = {isa = PBXBuildFile; fileRef = 7E493A2224B68B390078E2EC /* Assets.xcassets */; };
		7E493A2624B68B390078E2EC /* LaunchScreen.storyboard in Resources */ = {isa = PBXBuildFile; fileRef = 7E493A2424B68B390078E2EC /* LaunchScreen.storyboard */; };
		7E493A3124B68B390078E2EC /* testingTests.swift in Sources */ = {isa = PBXBuildFile; fileRef = 7E493A3024B68B390078E2EC /* testingTests.swift */; };
		7E493A3C24B68B390078E2EC /* testingUITests.swift in Sources */ = {isa = PBXBuildFile; fileRef = 7E493A3B24B68B390078E2EC /* testingUITests.swift */; };
/* End PBXBuildFile section */

/* Begin PBXContainerItemProxy section */
		7E493A2D24B68B390078E2EC /* PBXContainerItemProxy */ = {
			isa = PBXContainerItemProxy;
			containerPortal = 7E493A0D24B68B380078E2EC /* Project object */;
			proxyType = 1;
			remoteGlobalIDString = 7E493A1424B68B380078E2EC;
			remoteInfo = testing;
		};
		7E493A3824B68B390078E2EC /* PBXContainerItemProxy */ = {
			isa = PBXContainerItemProxy;
			containerPortal = 7E493A0D24B68B380078E2EC /* Project object */;
			proxyType = 1;
			remoteGlobalIDString = 7E493A1424B68B380078E2EC;
			remoteInfo = testing;
		};
/* End PBXContainerItemProxy section */

/* Begin PBXFileReference section */
		7E493A1524B68B380078E2EC /* testing.app */ = {isa = PBXFileReference; explicitFileType = wrapper.application; includeInIndex = 0; path = testing.app; sourceTree = BUILT_PRODUCTS_DIR; };
		7E493A1824B68B380078E2EC /* AppDelegate.swift */ = {isa = PBXFileReference; lastKnownFileType = sourcecode.swift; path = AppDelegate.swift; sourceTree = "<group>"; };
		7E493A1A24B68B380078E2EC /* ViewController.swift */ = {isa = PBXFileReference; lastKnownFileType = sourcecode.swift; path = ViewController.swift; sourceTree = "<group>"; };
		7E493A1D24B68B380078E2EC /* Base */ = {isa = PBXFileReference; lastKnownFileType = file.storyboard; name = Base; path = Base.lproj/Main.storyboard; sourceTree = "<group>"; };
		7E493A2024B68B380078E2EC /* testing.xcdatamodel */ = {isa = PBXFileReference; lastKnownFileType = wrapper.xcdatamodel; path = testing.xcdatamodel; sourceTree = "<group>"; };
		7E493A2224B68B390078E2EC /* Assets.xcassets */ = {isa = PBXFileReference; lastKnownFileType = folder.assetcatalog; path = Assets.xcassets; sourceTree = "<group>"; };
		7E493A2524B68B390078E2EC /* Base */ = {isa = PBXFileReference; lastKnownFileType = file.storyboard; name = Base; path = Base.lproj/LaunchScreen.storyboard; sourceTree = "<group>"; };
		7E493A2724B68B390078E2EC /* Info.plist */ = {isa = PBXFileReference; lastKnownFileType = text.plist.xml; path = Info.plist; sourceTree = "<group>"; };
		7E493A2C24B68B390078E2EC /* testingTests.xctest */ = {isa = PBXFileReference; explicitFileType = wrapper.cfbundle; includeInIndex = 0; path = testingTests.xctest; sourceTree = BUILT_PRODUCTS_DIR; };
		7E493A3024B68B390078E2EC /* testingTests.swift */ = {isa = PBXFileReference; lastKnownFileType = sourcecode.swift; path = testingTests.swift; sourceTree = "<group>"; };
		7E493A3224B68B390078E2EC /* Info.plist */ = {isa = PBXFileReference; lastKnownFileType = text.plist.xml; path = Info.plist; sourceTree = "<group>"; };
		7E493A3724B68B390078E2EC /* testingUITests.xctest */ = {isa = PBXFileReference; explicitFileType = wrapper.cfbundle; includeInIndex = 0; path = testingUITests.xctest; sourceTree = BUILT_PRODUCTS_DIR; };
		7E493A3B24B68B390078E2EC /* testingUITests.swift */ = {isa = PBXFileReference; lastKnownFileType = sourcecode.swift; path = testingUITests.swift; sourceTree = "<group>"; };
		7E493A3D24B68B390078E2EC /* Info.plist */ = {isa = PBXFileReference; lastKnownFileType = text.plist.xml; path = Info.plist; sourceTree = "<group>"; };
/* End PBXFileReference section */

/* Begin PBXFrameworksBuildPhase section */
		7E493A1224B68B380078E2EC /* Frameworks */ = {
			isa = PBXFrameworksBuildPhase;
			buildActionMask = 2147483647;
			files = (
			);
			runOnlyForDeploymentPostprocessing = 0;
		};
		7E493A2924B68B390078E2EC /* Frameworks */ = {
			isa = PBXFrameworksBuildPhase;
			buildActionMask = 2147483647;
			files = (
			);
			runOnlyForDeploymentPostprocessing = 0;
		};
		7E493A3424B68B390078E2EC /* Frameworks */ = {
			isa = PBXFrameworksBuildPhase;
			buildActionMask = 2147483647;
			files = (
			);
			runOnlyForDeploymentPostprocessing = 0;
		};
/* End PBXFrameworksBuildPhase section */

/* Begin PBXGroup section */
		7E493A0C24B68B380078E2EC = {
			isa = PBXGroup;
			children = (
				7E493A1724B68B380078E2EC /* testing */,
				7E493A2F24B68B390078E2EC /* testingTests */,
				7E493A3A24B68B390078E2EC /* testingUITests */,
				7E493A1624B68B380078E2EC /* Products */,
			);
			sourceTree = "<group>";
		};
		7E493A1624B68B380078E2EC /* Products */ = {
			isa = PBXGroup;
			children = (
				7E493A1524B68B380078E2EC /* testing.app */,
				7E493A2C24B68B390078E2EC /* testingTests.xctest */,
				7E493A3724B68B390078E2EC /* testingUITests.xctest */,
			);
			name = Products;
			sourceTree = "<group>";
		};
		7E493A1724B68B380078E2EC /* testing */ = {
			isa = PBXGroup;
			children = (
				7E493A1824B68B380078E2EC /* AppDelegate.swift */,
				7E493A1A24B68B380078E2EC /* ViewController.swift */,
				7E493A1C24B68B380078E2EC /* Main.storyboard */,
				7E493A2224B68B390078E2EC /* Assets.xcassets */,
				7E493A2424B68B390078E2EC /* LaunchScreen.storyboard */,
				7E493A2724B68B390078E2EC /* Info.plist */,
				7E493A1F24B68B380078E2EC /* testing.xcdatamodeld */,
			);
			path = testing;
			sourceTree = "<group>";
		};
		7E493A2F24B68B390078E2EC /* testingTests */ = {
			isa = PBXGroup;
			children = (
				7E493A3024B68B390078E2EC /* testingTests.swift */,
				7E493A3224B68B390078E2EC /* Info.plist */,
			);
			path = testingTests;
			sourceTree = "<group>";
		};
		7E493A3A24B68B390078E2EC /* testingUITests */ = {
			isa = PBXGroup;
			children = (
				7E493A3B24B68B390078E2EC /* testingUITests.swift */,
				7E493A3D24B68B390078E2EC /* Info.plist */,
			);
			path = testingUITests;
			sourceTree = "<group>";
		};
/* End PBXGroup section */

/* Begin PBXNativeTarget section */
		7E493A1424B68B380078E2EC /* testing */ = {
			isa = PBXNativeTarget;
			buildConfigurationList = 7E493A4024B68B390078E2EC /* Build configuration list for PBXNativeTarget "testing" */;
			buildPhases = (
				7E493A1124B68B380078E2EC /* Sources */,
				7E493A1224B68B380078E2EC /* Frameworks */,
				7E493A1324B68B380078E2EC /* Resources */,
			);
			buildRules = (
			);
			dependencies = (
			);
			name = testing;
			productName = testing;
			productReference = 7E493A1524B68B380078E2EC /* testing.app */;
			productType = "com.apple.product-type.application";
		};
		7E493A2B24B68B390078E2EC /* testingTests */ = {
			isa = PBXNativeTarget;
			buildConfigurationList = 7E493A4324B68B390078E2EC /* Build configuration list for PBXNativeTarget "testingTests" */;
			buildPhases = (
				7E493A2824B68B390078E2EC /* Sources */,
				7E493A2924B68B390078E2EC /* Frameworks */,
				7E493A2A24B68B390078E2EC /* Resources */,
			);
			buildRules = (
			);
			dependencies = (
				7E493A2E24B68B390078E2EC /* PBXTargetDependency */,
			);
			name = testingTests;
			productName = testingTests;
			productReference = 7E493A2C24B68B390078E2EC /* testingTests.xctest */;
			productType = "com.apple.product-type.bundle.unit-test";
		};
		7E493A3624B68B390078E2EC /* testingUITests */ = {
			isa = PBXNativeTarget;
			buildConfigurationList = 7E493A4624B68B390078E2EC /* Build configuration list for PBXNativeTarget "testingUITests" */;
			buildPhases = (
				7E493A3324B68B390078E2EC /* Sources */,
				7E493A3424B68B390078E2EC /* Frameworks */,
				7E493A3524B68B390078E2EC /* Resources */,
			);
			buildRules = (
			);
			dependencies = (
				7E493A3924B68B390078E2EC /* PBXTargetDependency */,
			);
			name = testingUITests;
			productName = testingUITests;
			productReference = 7E493A3724B68B390078E2EC /* testingUITests.xctest */;
			productType = "com.apple.product-type.bundle.ui-testing";
		};
/* End PBXNativeTarget section */

/* Begin PBXProject section */
		7E493A0D24B68B380078E2EC /* Project object */ = {
			isa = PBXProject;
			attributes = {
				LastSwiftUpdateCheck = 1000;
				LastUpgradeCheck = 1000;
				ORGANIZATIONNAME = "Isabella Maki";
				TargetAttributes = {
					7E493A1424B68B380078E2EC = {
						CreatedOnToolsVersion = 10.0;
					};
					7E493A2B24B68B390078E2EC = {
						CreatedOnToolsVersion = 10.0;
						TestTargetID = 7E493A1424B68B380078E2EC;
					};
					7E493A3624B68B390078E2EC = {
						CreatedOnToolsVersion = 10.0;
						TestTargetID = 7E493A1424B68B380078E2EC;
					};
				};
			};
			buildConfigurationList = 7E493A1024B68B380078E2EC /* Build configuration list for PBXProject "testing" */;
			compatibilityVersion = "Xcode 9.3";
			developmentRegion = en;
			hasScannedForEncodings = 0;
			knownRegions = (
				en,
				Base,
			);
			mainGroup = 7E493A0C24B68B380078E2EC;
			productRefGroup = 7E493A1624B68B380078E2EC /* Products */;
			projectDirPath = "";
			projectRoot = "";
			targets = (
				7E493A1424B68B380078E2EC /* testing */,
				7E493A2B24B68B390078E2EC /* testingTests */,
				7E493A3624B68B390078E2EC /* testingUITests */,
			);
		};
/* End PBXProject section */

/* Begin PBXResourcesBuildPhase section */
		7E493A1324B68B380078E2EC /* Resources */ = {
			isa = PBXResourcesBuildPhase;
			buildActionMask = 2147483647;
			files = (
				7E493A2624B68B390078E2EC /* LaunchScreen.storyboard in Resources */,
				7E493A2324B68B390078E2EC /* Assets.xcassets in Resources */,
				7E493A1E24B68B380078E2EC /* Main.storyboard in Resources */,
			);
			runOnlyForDeploymentPostprocessing = 0;
		};
		7E493A2A24B68B390078E2EC /* Resources */ = {
			isa = PBXResourcesBuildPhase;
			buildActionMask = 2147483647;
			files = (
			);
			runOnlyForDeploymentPostprocessing = 0;
		};
		7E493A3524B68B390078E2EC /* Resources */ = {
			isa = PBXResourcesBuildPhase;
			buildActionMask = 2147483647;
			files = (
			);
			runOnlyForDeploymentPostprocessing = 0;
		};
/* End PBXResourcesBuildPhase section */

/* Begin PBXSourcesBuildPhase section */
		7E493A1124B68B380078E2EC /* Sources */ = {
			isa = PBXSourcesBuildPhase;
			buildActionMask = 2147483647;
			files = (
				7E493A1B24B68B380078E2EC /* ViewController.swift in Sources */,
				7E493A1924B68B380078E2EC /* AppDelegate.swift in Sources */,
				7E493A2124B68B380078E2EC /* testing.xcdatamodeld in Sources */,
			);
			runOnlyForDeploymentPostprocessing = 0;
		};
		7E493A2824B68B390078E2EC /* Sources */ = {
			isa = PBXSourcesBuildPhase;
			buildActionMask = 2147483647;
			files = (
				7E493A3124B68B390078E2EC /* testingTests.swift in Sources */,
			);
			runOnlyForDeploymentPostprocessing = 0;
		};
		7E493A3324B68B390078E2EC /* Sources */ = {
			isa = PBXSourcesBuildPhase;
			buildActionMask = 2147483647;
			files = (
				7E493A3C24B68B390078E2EC /* testingUITests.swift in Sources */,
			);
			runOnlyForDeploymentPostprocessing = 0;
		};
/* End PBXSourcesBuildPhase section */

/* Begin PBXTargetDependency section */
		7E493A2E24B68B390078E2EC /* PBXTargetDependency */ = {
			isa = PBXTargetDependency;
			target = 7E493A1424B68B380078E2EC /* testing */;
			targetProxy = 7E493A2D24B68B390078E2EC /* PBXContainerItemProxy */;
		};
		7E493A3924B68B390078E2EC /* PBXTargetDependency */ = {
			isa = PBXTargetDependency;
			target = 7E493A1424B68B380078E2EC /* testing */;
			targetProxy = 7E493A3824B68B390078E2EC /* PBXContainerItemProxy */;
		};
/* End PBXTargetDependency section */

/* Begin PBXVariantGroup section */
		7E493A1C24B68B380078E2EC /* Main.storyboard */ = {
			isa = PBXVariantGroup;
			children = (
				7E493A1D24B68B380078E2EC /* Base */,
			);
			name = Main.storyboard;
			sourceTree = "<group>";
		};
		7E493A2424B68B390078E2EC /* LaunchScreen.storyboard */ = {
			isa = PBXVariantGroup;
			children = (
				7E493A2524B68B390078E2EC /* Base */,
			);
			name = LaunchScreen.storyboard;
			sourceTree = "<group>";
		};
/* End PBXVariantGroup section */

/* Begin XCBuildConfiguration section */
		7E493A3E24B68B390078E2EC /* Debug */ = {
			isa = XCBuildConfiguration;
			buildSettings = {
				ALWAYS_SEARCH_USER_PATHS = NO;
				CLANG_ANALYZER_NONNULL = YES;
				CLANG_ANALYZER_NUMBER_OBJECT_CONVERSION = YES_AGGRESSIVE;
				CLANG_CXX_LANGUAGE_STANDARD = "gnu++14";
				CLANG_CXX_LIBRARY = "libc++";
				CLANG_ENABLE_MODULES = YES;
				CLANG_ENABLE_OBJC_ARC = YES;
				CLANG_ENABLE_OBJC_WEAK = YES;
				CLANG_WARN_BLOCK_CAPTURE_AUTORELEASING = YES;
				CLANG_WARN_BOOL_CONVERSION = YES;
				CLANG_WARN_COMMA = YES;
				CLANG_WARN_CONSTANT_CONVERSION = YES;
				CLANG_WARN_DEPRECATED_OBJC_IMPLEMENTATIONS = YES;
				CLANG_WARN_DIRECT_OBJC_ISA_USAGE = YES_ERROR;
				CLANG_WARN_DOCUMENTATION_COMMENTS = YES;
				CLANG_WARN_EMPTY_BODY = YES;
				CLANG_WARN_ENUM_CONVERSION = YES;
				CLANG_WARN_INFINITE_RECURSION = YES;
				CLANG_WARN_INT_CONVERSION = YES;
				CLANG_WARN_NON_LITERAL_NULL_CONVERSION = YES;
				CLANG_WARN_OBJC_IMPLICIT_RETAIN_SELF = YES;
				CLANG_WARN_OBJC_LITERAL_CONVERSION = YES;
				CLANG_WARN_OBJC_ROOT_CLASS = YES_ERROR;
				CLANG_WARN_RANGE_LOOP_ANALYSIS = YES;
				CLANG_WARN_STRICT_PROTOTYPES = YES;
				CLANG_WARN_SUSPICIOUS_MOVE = YES;
				CLANG_WARN_UNGUARDED_AVAILABILITY = YES_AGGRESSIVE;
				CLANG_WARN_UNREACHABLE_CODE = YES;
				CLANG_WARN__DUPLICATE_METHOD_MATCH = YES;
				CODE_SIGN_IDENTITY = "iPhone Developer";
				COPY_PHASE_STRIP = NO;
				DEBUG_INFORMATION_FORMAT = dwarf;
				ENABLE_STRICT_OBJC_MSGSEND = YES;
				ENABLE_TESTABILITY = YES;
				GCC_C_LANGUAGE_STANDARD = gnu11;
				GCC_DYNAMIC_NO_PIC = NO;
				GCC_NO_COMMON_BLOCKS = YES;
				GCC_OPTIMIZATION_LEVEL = 0;
				GCC_PREPROCESSOR_DEFINITIONS = (
					"DEBUG=1",
					"$(inherited)",
				);
				GCC_WARN_64_TO_32_BIT_CONVERSION = YES;
				GCC_WARN_ABOUT_RETURN_TYPE = YES_ERROR;
				GCC_WARN_UNDECLARED_SELECTOR = YES;
				GCC_WARN_UNINITIALIZED_AUTOS = YES_AGGRESSIVE;
				GCC_WARN_UNUSED_FUNCTION = YES;
				GCC_WARN_UNUSED_VARIABLE = YES;
				IPHONEOS_DEPLOYMENT_TARGET = 12.0;
				MTL_ENABLE_DEBUG_INFO = INCLUDE_SOURCE;
				MTL_FAST_MATH = YES;
				ONLY_ACTIVE_ARCH = YES;
				SDKROOT = iphoneos;
				SWIFT_ACTIVE_COMPILATION_CONDITIONS = DEBUG;
				SWIFT_OPTIMIZATION_LEVEL = "-Onone";
			};
			name = Debug;
		};
		7E493A3F24B68B390078E2EC /* Release */ = {
			isa = XCBuildConfiguration;
			buildSettings = {
				ALWAYS_SEARCH_USER_PATHS = NO;
				CLANG_ANALYZER_NONNULL = YES;
				CLANG_ANALYZER_NUMBER_OBJECT_CONVERSION = YES_AGGRESSIVE;
				CLANG_CXX_LANGUAGE_STANDARD = "gnu++14";
				CLANG_CXX_LIBRARY = "libc++";
				CLANG_ENABLE_MODULES = YES;
				CLANG_ENABLE_OBJC_ARC = YES;
				CLANG_ENABLE_OBJC_WEAK = YES;
				CLANG_WARN_BLOCK_CAPTURE_AUTORELEASING = YES;
				CLANG_WARN_BOOL_CONVERSION = YES;
				CLANG_WARN_COMMA = YES;
				CLANG_WARN_CONSTANT_CONVERSION = YES;
				CLANG_WARN_DEPRECATED_OBJC_IMPLEMENTATIONS = YES;
				CLANG_WARN_DIRECT_OBJC_ISA_USAGE = YES_ERROR;
				CLANG_WARN_DOCUMENTATION_COMMENTS = YES;
				CLANG_WARN_EMPTY_BODY = YES;
				CLANG_WARN_ENUM_CONVERSION = YES;
				CLANG_WARN_INFINITE_RECURSION = YES;
				CLANG_WARN_INT_CONVERSION = YES;
				CLANG_WARN_NON_LITERAL_NULL_CONVERSION = YES;
				CLANG_WARN_OBJC_IMPLICIT_RETAIN_SELF = YES;
				CLANG_WARN_OBJC_LITERAL_CONVERSION = YES;
				CLANG_WARN_OBJC_ROOT_CLASS = YES_ERROR;
				CLANG_WARN_RANGE_LOOP_ANALYSIS = YES;
				CLANG_WARN_STRICT_PROTOTYPES = YES;
				CLANG_WARN_SUSPICIOUS_MOVE = YES;
				CLANG_WARN_UNGUARDED_AVAILABILITY = YES_AGGRESSIVE;
				CLANG_WARN_UNREACHABLE_CODE = YES;
				CLANG_WARN__DUPLICATE_METHOD_MATCH = YES;
				CODE_SIGN_IDENTITY = "iPhone Developer";
				COPY_PHASE_STRIP = NO;
				DEBUG_INFORMATION_FORMAT = "dwarf-with-dsym";
				ENABLE_NS_ASSERTIONS = NO;
				ENABLE_STRICT_OBJC_MSGSEND = YES;
				GCC_C_LANGUAGE_STANDARD = gnu11;
				GCC_NO_COMMON_BLOCKS = YES;
				GCC_WARN_64_TO_32_BIT_CONVERSION = YES;
				GCC_WARN_ABOUT_RETURN_TYPE = YES_ERROR;
				GCC_WARN_UNDECLARED_SELECTOR = YES;
				GCC_WARN_UNINITIALIZED_AUTOS = YES_AGGRESSIVE;
				GCC_WARN_UNUSED_FUNCTION = YES;
				GCC_WARN_UNUSED_VARIABLE = YES;
				IPHONEOS_DEPLOYMENT_TARGET = 12.0;
				MTL_ENABLE_DEBUG_INFO = NO;
				MTL_FAST_MATH = YES;
				SDKROOT = iphoneos;
				SWIFT_COMPILATION_MODE = wholemodule;
				SWIFT_OPTIMIZATION_LEVEL = "-O";
				VALIDATE_PRODUCT = YES;
			};
			name = Release;
		};
		7E493A4124B68B390078E2EC /* Debug */ = {
			isa = XCBuildConfiguration;
			buildSettings = {
				ASSETCATALOG_COMPILER_APPICON_NAME = AppIcon;
				CODE_SIGN_STYLE = Automatic;
				INFOPLIST_FILE = testing/Info.plist;
				LD_RUNPATH_SEARCH_PATHS = (
					"$(inherited)",
					"@executable_path/Frameworks",
				);
				PRODUCT_BUNDLE_IDENTIFIER = cpp.testing;
				PRODUCT_NAME = "$(TARGET_NAME)";
				SWIFT_VERSION = 4.2;
				TARGETED_DEVICE_FAMILY = "1,2";
			};
			name = Debug;
		};
		7E493A4224B68B390078E2EC /* Release */ = {
			isa = XCBuildConfiguration;
			buildSettings = {
				ASSETCATALOG_COMPILER_APPICON_NAME = AppIcon;
				CODE_SIGN_STYLE = Automatic;
				INFOPLIST_FILE = testing/Info.plist;
				LD_RUNPATH_SEARCH_PATHS = (
					"$(inherited)",
					"@executable_path/Frameworks",
				);
				PRODUCT_BUNDLE_IDENTIFIER = cpp.testing;
				PRODUCT_NAME = "$(TARGET_NAME)";
				SWIFT_VERSION = 4.2;
				TARGETED_DEVICE_FAMILY = "1,2";
			};
			name = Release;
		};
		7E493A4424B68B390078E2EC /* Debug */ = {
			isa = XCBuildConfiguration;
			buildSettings = {
				ALWAYS_EMBED_SWIFT_STANDARD_LIBRARIES = YES;
				BUNDLE_LOADER = "$(TEST_HOST)";
				CODE_SIGN_STYLE = Automatic;
				INFOPLIST_FILE = testingTests/Info.plist;
				LD_RUNPATH_SEARCH_PATHS = (
					"$(inherited)",
					"@executable_path/Frameworks",
					"@loader_path/Frameworks",
				);
				PRODUCT_BUNDLE_IDENTIFIER = cpp.testingTests;
				PRODUCT_NAME = "$(TARGET_NAME)";
				SWIFT_VERSION = 4.2;
				TARGETED_DEVICE_FAMILY = "1,2";
				TEST_HOST = "$(BUILT_PRODUCTS_DIR)/testing.app/testing";
			};
			name = Debug;
		};
		7E493A4524B68B390078E2EC /* Release */ = {
			isa = XCBuildConfiguration;
			buildSettings = {
				ALWAYS_EMBED_SWIFT_STANDARD_LIBRARIES = YES;
				BUNDLE_LOADER = "$(TEST_HOST)";
				CODE_SIGN_STYLE = Automatic;
				INFOPLIST_FILE = testingTests/Info.plist;
				LD_RUNPATH_SEARCH_PATHS = (
					"$(inherited)",
					"@executable_path/Frameworks",
					"@loader_path/Frameworks",
				);
				PRODUCT_BUNDLE_IDENTIFIER = cpp.testingTests;
				PRODUCT_NAME = "$(TARGET_NAME)";
				SWIFT_VERSION = 4.2;
				TARGETED_DEVICE_FAMILY = "1,2";
				TEST_HOST = "$(BUILT_PRODUCTS_DIR)/testing.app/testing";
			};
			name = Release;
		};
		7E493A4724B68B390078E2EC /* Debug */ = {
			isa = XCBuildConfiguration;
			buildSettings = {
				ALWAYS_EMBED_SWIFT_STANDARD_LIBRARIES = YES;
				CODE_SIGN_STYLE = Automatic;
				INFOPLIST_FILE = testingUITests/Info.plist;
				LD_RUNPATH_SEARCH_PATHS = (
					"$(inherited)",
					"@executable_path/Frameworks",
					"@loader_path/Frameworks",
				);
				PRODUCT_BUNDLE_IDENTIFIER = cpp.testingUITests;
				PRODUCT_NAME = "$(TARGET_NAME)";
				SWIFT_VERSION = 4.2;
				TARGETED_DEVICE_FAMILY = "1,2";
				TEST_TARGET_NAME = testing;
			};
			name = Debug;
		};
		7E493A4824B68B390078E2EC /* Release */ = {
			isa = XCBuildConfiguration;
			buildSettings = {
				ALWAYS_EMBED_SWIFT_STANDARD_LIBRARIES = YES;
				CODE_SIGN_STYLE = Automatic;
				INFOPLIST_FILE = testingUITests/Info.plist;
				LD_RUNPATH_SEARCH_PATHS = (
					"$(inherited)",
					"@executable_path/Frameworks",
					"@loader_path/Frameworks",
				);
				PRODUCT_BUNDLE_IDENTIFIER = cpp.testingUITests;
				PRODUCT_NAME = "$(TARGET_NAME)";
				SWIFT_VERSION = 4.2;
				TARGETED_DEVICE_FAMILY = "1,2";
				TEST_TARGET_NAME = testing;
			};
			name = Release;
		};
/* End XCBuildConfiguration section */

/* Begin XCConfigurationList section */
		7E493A1024B68B380078E2EC /* Build configuration list for PBXProject "testing" */ = {
			isa = XCConfigurationList;
			buildConfigurations = (
				7E493A3E24B68B390078E2EC /* Debug */,
				7E493A3F24B68B390078E2EC /* Release */,
			);
			defaultConfigurationIsVisible = 0;
			defaultConfigurationName = Release;
		};
		7E493A4024B68B390078E2EC /* Build configuration list for PBXNativeTarget "testing" */ = {
			isa = XCConfigurationList;
			buildConfigurations = (
				7E493A4124B68B390078E2EC /* Debug */,
				7E493A4224B68B390078E2EC /* Release */,
			);
			defaultConfigurationIsVisible = 0;
			defaultConfigurationName = Release;
		};
		7E493A4324B68B390078E2EC /* Build configuration list for PBXNativeTarget "testingTests" */ = {
			isa = XCConfigurationList;
			buildConfigurations = (
				7E493A4424B68B390078E2EC /* Debug */,
				7E493A4524B68B390078E2EC /* Release */,
			);
			defaultConfigurationIsVisible = 0;
			defaultConfigurationName = Release;
		};
		7E493A4624B68B390078E2EC /* Build configuration list for PBXNativeTarget "testingUITests" */ = {
			isa = XCConfigurationList;
			buildConfigurations = (
				7E493A4724B68B390078E2EC /* Debug */,
				7E493A4824B68B390078E2EC /* Release */,
			);
			defaultConfigurationIsVisible = 0;
			defaultConfigurationName = Release;
		};
/* End XCConfigurationList section */

/* Begin XCVersionGroup section */
		7E493A1F24B68B380078E2EC /* testing.xcdatamodeld */ = {
			isa = XCVersionGroup;
			children = (
				7E493A2024B68B380078E2EC /* testing.xcdatamodel */,
			);
			currentVersion = 7E493A2024B68B380078E2EC /* testing.xcdatamodel */;
			path = testing.xcdatamodeld;
			sourceTree = "<group>";
			versionGroupType = wrapper.xcdatamodel;
		};
/* End XCVersionGroup section */
	};
	rootObject = 7E493A0D24B68B380078E2EC /* Project object */;
}
